
Microsoft Visual Studio Solution File, Format Version 12.00
# Visual Studio Version 16
VisualStudioVersion = 16.0.32407.337
MinimumVisualStudioVersion = 10.0.40219.1
Project("{FAE04EC0-301F-11D3-BF4B-00C04F79EFBC}") = "Zaddom5_kredek", "Zaddom5_kredek\Zaddom5_kredek.csproj", "{ED4744F0-80ED-46BC-BFF3-CB65B0D67D26}"
EndProject
Global
	GlobalSection(SolutionConfigurationPlatforms) = preSolution
		Debug|Any CPU = Debug|Any CPU
		Release|Any CPU = Release|Any CPU
	EndGlobalSection
	GlobalSection(ProjectConfigurationPlatforms) = postSolution
		{ED4744F0-80ED-46BC-BFF3-CB65B0D67D26}.Debug|Any CPU.ActiveCfg = Debug|Any CPU
		{ED4744F0-80ED-46BC-BFF3-CB65B0D67D26}.Debug|Any CPU.Build.0 = Debug|Any CPU
		{ED4744F0-80ED-46BC-BFF3-CB65B0D67D26}.Release|Any CPU.ActiveCfg = Release|Any CPU
		{ED4744F0-80ED-46BC-BFF3-CB65B0D67D26}.Release|Any CPU.Build.0 = Release|Any CPU
	EndGlobalSection
	GlobalSection(SolutionProperties) = preSolution
		HideSolutionNode = FALSE
	EndGlobalSection
	GlobalSection(ExtensibilityGlobals) = postSolution
		SolutionGuid = {03BEE928-2696-4C34-8146-0B798F3CFFE0}
	EndGlobalSection
EndGlobal
